
Microsoft Visual Studio Solution File, Format Version 12.00
# Visual Studio Version 16
VisualStudioVersion = 16.0.31729.503
MinimumVisualStudioVersion = 10.0.40219.1
Project("{FAE04EC0-301F-11D3-BF4B-00C04F79EFBC}") = "Task", "Task.csproj", "{A81FD047-0CA3-4F8D-85A4-689FA082D363}"
EndProject
Global
	GlobalSection(SolutionConfigurationPlatforms) = preSolution
		Debug|Any CPU = Debug|Any CPU
		Release|Any CPU = Release|Any CPU
	EndGlobalSection
	GlobalSection(ProjectConfigurationPlatforms) = postSolution
		{A81FD047-0CA3-4F8D-85A4-689FA082D363}.Debug|Any CPU.ActiveCfg = Debug|Any CPU
		{A81FD047-0CA3-4F8D-85A4-689FA082D363}.Debug|Any CPU.Build.0 = Debug|Any CPU
		{A81FD047-0CA3-4F8D-85A4-689FA082D363}.Release|Any CPU.ActiveCfg = Release|Any CPU
		{A81FD047-0CA3-4F8D-85A4-689FA082D363}.Release|Any CPU.Build.0 = Release|Any CPU
	EndGlobalSection
	GlobalSection(SolutionProperties) = preSolution
		HideSolutionNode = FALSE
	EndGlobalSection
	GlobalSection(ExtensibilityGlobals) = postSolution
		SolutionGuid = {2A860599-D5A0-457E-8BB8-5C7D6E341A97}
	EndGlobalSection
EndGlobal
